Microsoft Visual Studio Solution File, Format Version 12.00
# Visual Studio Version 17
VisualStudioVersion = 17.5.2.0
MinimumVisualStudioVersion = 10.0.40219.1
Project("{FAE04EC0-301F-11D3-BF4B-00C04F79EFBC}") = "ExamTwo", "ExamTwo\ExamTwo.csproj", "{96B4DF13-54CB-86C3-B3F3-AE0D14F9CDBD}"
EndProject
Project("{FAE04EC0-301F-11D3-BF4B-00C04F79EFBC}") = "CoffeeMachineTests", "CoffeeMachineTests\CoffeeMachineTests.csproj", "{49321F3E-A1EB-4484-8FBC-7361F138B89F}"
EndProject
Global
	GlobalSection(SolutionConfigurationPlatforms) = preSolution
		Debug|Any CPU = Debug|Any CPU
		Release|Any CPU = Release|Any CPU
	EndGlobalSection
	GlobalSection(ProjectConfigurationPlatforms) = postSolution
		{96B4DF13-54CB-86C3-B3F3-AE0D14F9CDBD}.Debug|Any CPU.ActiveCfg = Debug|Any CPU
		{96B4DF13-54CB-86C3-B3F3-AE0D14F9CDBD}.Debug|Any CPU.Build.0 = Debug|Any CPU
		{96B4DF13-54CB-86C3-B3F3-AE0D14F9CDBD}.Release|Any CPU.ActiveCfg = Release|Any CPU
		{96B4DF13-54CB-86C3-B3F3-AE0D14F9CDBD}.Release|Any CPU.Build.0 = Release|Any CPU
		{49321F3E-A1EB-4484-8FBC-7361F138B89F}.Debug|Any CPU.ActiveCfg = Debug|Any CPU
		{49321F3E-A1EB-4484-8FBC-7361F138B89F}.Debug|Any CPU.Build.0 = Debug|Any CPU
		{49321F3E-A1EB-4484-8FBC-7361F138B89F}.Release|Any CPU.ActiveCfg = Release|Any CPU
		{49321F3E-A1EB-4484-8FBC-7361F138B89F}.Release|Any CPU.Build.0 = Release|Any CPU
	EndGlobalSection
	GlobalSection(SolutionProperties) = preSolution
		HideSolutionNode = FALSE
	EndGlobalSection
	GlobalSection(ExtensibilityGlobals) = postSolution
		SolutionGuid = {5FB1F77D-7CB3-4F71-85E1-93E24FCEB651}
	EndGlobalSection
EndGlobal
