
Microsoft Visual Studio Solution File, Format Version 12.00
# Visual Studio Version 17
VisualStudioVersion = 17.14.36705.20 d17.14
MinimumVisualStudioVersion = 10.0.40219.1
Project("{FAE04EC0-301F-11D3-BF4B-00C04F79EFBC}") = "ExamTwo", "ExamTwo\ExamTwo.csproj", "{10FCA5F9-5F55-4877-B867-BA7387AD283E}"
EndProject
Global
	GlobalSection(SolutionConfigurationPlatforms) = preSolution
		Debug|Any CPU = Debug|Any CPU
		Release|Any CPU = Release|Any CPU
	EndGlobalSection
	GlobalSection(ProjectConfigurationPlatforms) = postSolution
		{10FCA5F9-5F55-4877-B867-BA7387AD283E}.Debug|Any CPU.ActiveCfg = Debug|Any CPU
		{10FCA5F9-5F55-4877-B867-BA7387AD283E}.Debug|Any CPU.Build.0 = Debug|Any CPU
		{10FCA5F9-5F55-4877-B867-BA7387AD283E}.Release|Any CPU.ActiveCfg = Release|Any CPU
		{10FCA5F9-5F55-4877-B867-BA7387AD283E}.Release|Any CPU.Build.0 = Release|Any CPU
	EndGlobalSection
	GlobalSection(SolutionProperties) = preSolution
		HideSolutionNode = FALSE
	EndGlobalSection
	GlobalSection(ExtensibilityGlobals) = postSolution
		SolutionGuid = {EC1A074C-CFC2-4455-90E7-19B68E5450CC}
	EndGlobalSection
EndGlobal
